{
  "requires": true,
  "lockfileVersion": 1,
  "dependencies": {
    "@angular/cdk": {
      "version": "5.1.0",
      "resolved": "https://registry.npmjs.org/@angular/cdk/-/cdk-5.1.0.tgz",
      "integrity": "sha512-xDCVx65SvxoGDMpQhaQvfP7bZhQDuX65Uk+JntPlLTiwFr7v82a+71RnzOCzNKyaNXGoIgUGcrLZpozlyqNgFg==",
<<<<<<< HEAD
<<<<<<< HEAD
=======
>>>>>>> ab5bf771c6bdee1019866110aa574dcda06eac66
      "requires": {
        "tslib": "1.9.0"
      }
    },
    "@angular/material": {
      "version": "5.1.0",
      "resolved": "https://registry.npmjs.org/@angular/material/-/material-5.1.0.tgz",
      "integrity": "sha512-F+dM2xGbyWK3f+j5ZiWMOCBK1Jnv4RAlFRwezJVnzcWaAjwhO2YBHUQGZcnwsVJpwf5Vrihix8N+sWiPvVw+jw==",
<<<<<<< HEAD
=======
>>>>>>> b32196e95c110860d4f317d055becad14c25d900
      "requires": {
        "tslib": "1.9.0"
      }
    },
    "@angular/material": {
      "version": "5.1.0",
      "resolved": "https://registry.npmjs.org/@angular/material/-/material-5.1.0.tgz",
      "integrity": "sha512-F+dM2xGbyWK3f+j5ZiWMOCBK1Jnv4RAlFRwezJVnzcWaAjwhO2YBHUQGZcnwsVJpwf5Vrihix8N+sWiPvVw+jw==",
=======
>>>>>>> ab5bf771c6bdee1019866110aa574dcda06eac66
      "requires": {
        "tslib": "1.9.0"
      }
    },
    "atoa": {
      "version": "1.0.0",
      "resolved": "https://registry.npmjs.org/atoa/-/atoa-1.0.0.tgz",
      "integrity": "sha1-DMDpGkgOc4+SPrwQNnZHF3mzSkk="
    },
    "bootstrap": {
      "version": "4.0.0-beta.3",
      "resolved": "https://registry.npmjs.org/bootstrap/-/bootstrap-4.0.0-beta.3.tgz",
      "integrity": "sha512-/Qe1Q2d1muLEZRX2iCteMQHZBBAm6ZIjJ9FcBYK/xLr05+HvDtBOVBN+Cz7mCNZuy0zr+y5artZHM05W7mIz6g=="
    },
    "contra": {
      "version": "1.9.4",
      "resolved": "https://registry.npmjs.org/contra/-/contra-1.9.4.tgz",
      "integrity": "sha1-9TveQtfltZhcrk2ZqNYQUm3o8o0=",
      "requires": {
        "atoa": "1.0.0",
        "ticky": "1.0.1"
      }
    },
    "crossvent": {
      "version": "1.5.4",
      "resolved": "https://registry.npmjs.org/crossvent/-/crossvent-1.5.4.tgz",
      "integrity": "sha1-2ixPj0DJR4JRe/K+7BBEFIGUq5I=",
      "requires": {
        "custom-event": "1.0.0"
      }
    },
    "custom-event": {
      "version": "1.0.0",
      "resolved": "https://registry.npmjs.org/custom-event/-/custom-event-1.0.0.tgz",
      "integrity": "sha1-LkYovhncSyFLXAJjDFlx6BFhgGI="
    },
    "dragula": {
      "version": "3.7.2",
      "resolved": "https://registry.npmjs.org/dragula/-/dragula-3.7.2.tgz",
      "integrity": "sha1-SjXJ05gf+sGpScKcpyhQWOhzk84=",
      "requires": {
        "contra": "1.9.4",
        "crossvent": "1.5.4"
      }
    },
    "jquery": {
      "version": "3.3.1",
      "resolved": "https://registry.npmjs.org/jquery/-/jquery-3.3.1.tgz",
      "integrity": "sha512-Ubldcmxp5np52/ENotGxlLe6aGMvmF4R8S6tZjsP6Knsaxd/xp3Zrh50cG93lR6nPXyUFwzN3ZSOQI0wRJNdGg=="
    },
<<<<<<< HEAD
<<<<<<< HEAD
=======
<<<<<<< HEAD
=======
>>>>>>> ab5bf771c6bdee1019866110aa574dcda06eac66
    "ng2-dragula": {
      "version": "1.5.0",
      "resolved": "https://registry.npmjs.org/ng2-dragula/-/ng2-dragula-1.5.0.tgz",
      "integrity": "sha512-uSVq66Rv+ZhDLBGYCGZ7mTaseP7rvYJOijiQZlzfy8dxL614Sw7rhtnLqvK8nqa3tI/wVv8CEGZaZkMnWJokwQ==",
      "requires": {
        "dragula": "3.7.2"
      }
=======
<<<<<<< HEAD
>>>>>>> b32196e95c110860d4f317d055becad14c25d900
=======
>>>>>>> ab5bf771c6bdee1019866110aa574dcda06eac66
    "ngx-bootstrap": {
      "version": "2.0.2",
      "resolved": "https://registry.npmjs.org/ngx-bootstrap/-/ngx-bootstrap-2.0.2.tgz",
      "integrity": "sha512-4ZTltcStUED2JzI9Hd1+FDaMQmukzbeBSS02hdTvuUJ+9hNtGLMSPGdPNRIniIyItzv3v3emJrAAtKkvOMxyCA=="
<<<<<<< HEAD
<<<<<<< HEAD
=======
>>>>>>> 5c8deb015243e7d5b8d65dfa6cd55da0532a7206
>>>>>>> b32196e95c110860d4f317d055becad14c25d900
=======
>>>>>>> 5c8deb015243e7d5b8d65dfa6cd55da0532a7206
>>>>>>> ab5bf771c6bdee1019866110aa574dcda06eac66
    },
    "popper.js": {
      "version": "1.12.9",
      "resolved": "https://registry.npmjs.org/popper.js/-/popper.js-1.12.9.tgz",
      "integrity": "sha1-DfvC3/lsRRuzMu3Pz6r1ZtMx1bM="
    },
    "raw-loader": {
      "version": "0.5.1",
      "resolved": "https://registry.npmjs.org/raw-loader/-/raw-loader-0.5.1.tgz",
      "integrity": "sha1-DD0L6u2KAclm2Xh793goElKpeao="
    },
    "script-loader": {
      "version": "0.7.2",
      "resolved": "https://registry.npmjs.org/script-loader/-/script-loader-0.7.2.tgz",
      "integrity": "sha512-UMNLEvgOAQuzK8ji8qIscM3GIrRCWN6MmMXGD4SD5l6cSycgGsCo0tX5xRnfQcoghqct0tjHjcykgI1PyBE2aA==",
      "requires": {
        "raw-loader": "0.5.1"
      }
    },
    "ticky": {
      "version": "1.0.1",
      "resolved": "https://registry.npmjs.org/ticky/-/ticky-1.0.1.tgz",
      "integrity": "sha1-t8+nHnaPHJAAxJe5FRswlHxQ5G0="
    },
    "tslib": {
      "version": "1.9.0",
      "resolved": "https://registry.npmjs.org/tslib/-/tslib-1.9.0.tgz",
      "integrity": "sha512-f/qGG2tUkrISBlQZEjEqoZ3B2+npJjIf04H1wuAv9iA8i04Icp+61KRXxFdha22670NJopsZCIjhC3SnjPRKrQ=="
    }
  }
}
