{
  "requires": true,
  "lockfileVersion": 1,
  "dependencies": {
    "@angular/animations": {
      "version": "5.2.1",
      "resolved": "https://registry.npmjs.org/@angular/animations/-/animations-5.2.1.tgz",
      "integrity": "sha512-f8viyt1xDC2NC2ap0lczw+AiL3S1WVSDOmNp3UKwA66gm+Hs9AdDX0PjpxgMR9KQY8c4P7mztNax55jj2Sbe1Q==",
      "requires": {
        "tslib": "1.9.0"
      }
    },
    "bootstrap": {
      "version": "4.0.0-beta.3",
      "resolved": "https://registry.npmjs.org/bootstrap/-/bootstrap-4.0.0-beta.3.tgz",
      "integrity": "sha512-/Qe1Q2d1muLEZRX2iCteMQHZBBAm6ZIjJ9FcBYK/xLr05+HvDtBOVBN+Cz7mCNZuy0zr+y5artZHM05W7mIz6g=="
    },
    "jquery": {
      "version": "3.3.1",
      "resolved": "https://registry.npmjs.org/jquery/-/jquery-3.3.1.tgz",
      "integrity": "sha512-Ubldcmxp5np52/ENotGxlLe6aGMvmF4R8S6tZjsP6Knsaxd/xp3Zrh50cG93lR6nPXyUFwzN3ZSOQI0wRJNdGg=="
    },
    "popper.js": {
      "version": "1.12.9",
      "resolved": "https://registry.npmjs.org/popper.js/-/popper.js-1.12.9.tgz",
      "integrity": "sha1-DfvC3/lsRRuzMu3Pz6r1ZtMx1bM="
    },
    "primeng": {
      "version": "5.2.0-rc.2",
      "resolved": "https://registry.npmjs.org/primeng/-/primeng-5.2.0-rc.2.tgz",
      "integrity": "sha512-qH+t4XOppvDafFmP3ZUiquTz/R8IpgSCu27g/8VgZ2lH3ZqRw9MxMzMeII9Rt88Dk25C7mXEB0wtQcz4+jgRQg=="
    },
    "raw-loader": {
      "version": "0.5.1",
      "resolved": "https://registry.npmjs.org/raw-loader/-/raw-loader-0.5.1.tgz",
      "integrity": "sha1-DD0L6u2KAclm2Xh793goElKpeao="
    },
    "script-loader": {
      "version": "0.7.2",
      "resolved": "https://registry.npmjs.org/script-loader/-/script-loader-0.7.2.tgz",
      "integrity": "sha512-UMNLEvgOAQuzK8ji8qIscM3GIrRCWN6MmMXGD4SD5l6cSycgGsCo0tX5xRnfQcoghqct0tjHjcykgI1PyBE2aA==",
      "requires": {
        "raw-loader": "0.5.1"
      }
    },
    "tslib": {
      "version": "1.9.0",
      "resolved": "https://registry.npmjs.org/tslib/-/tslib-1.9.0.tgz",
      "integrity": "sha512-f/qGG2tUkrISBlQZEjEqoZ3B2+npJjIf04H1wuAv9iA8i04Icp+61KRXxFdha22670NJopsZCIjhC3SnjPRKrQ=="
    }
  }
}
